
Microsoft Visual Studio Solution File, Format Version 11.00
# Visual Studio 2010
Project("{FAE04EC0-301F-11D3-BF4B-00C04F79EFBC}") = "DespertadorNET", "DespertadorNET\DespertadorNET.csproj", "{B673BAE8-1B2B-4EA1-9C34-3FB1DBF1ED4B}"
EndProject
Global
	GlobalSection(SolutionConfigurationPlatforms) = preSolution
		Debug|Any CPU = Debug|Any CPU
		Release|Any CPU = Release|Any CPU
	EndGlobalSection
	GlobalSection(ProjectConfigurationPlatforms) = postSolution
		{B673BAE8-1B2B-4EA1-9C34-3FB1DBF1ED4B}.Debug|Any CPU.ActiveCfg = Debug|Any CPU
		{B673BAE8-1B2B-4EA1-9C34-3FB1DBF1ED4B}.Debug|Any CPU.Build.0 = Debug|Any CPU
		{B673BAE8-1B2B-4EA1-9C34-3FB1DBF1ED4B}.Release|Any CPU.ActiveCfg = Release|Any CPU
		{B673BAE8-1B2B-4EA1-9C34-3FB1DBF1ED4B}.Release|Any CPU.Build.0 = Release|Any CPU
	EndGlobalSection
	GlobalSection(SolutionProperties) = preSolution
		HideSolutionNode = FALSE
	EndGlobalSection
EndGlobal
